
Microsoft Visual Studio Solution File, Format Version 12.00
# Visual Studio Version 16
VisualStudioVersion = 16.0.31624.102
MinimumVisualStudioVersion = 10.0.40219.1
Project("{9A19103F-16F7-4668-BE54-9A1E7A4F7556}") = "Actividad1U1", "Actividad1U1\Actividad1U1.csproj", "{6914B057-34A1-4560-B1CC-930B4BA24583}"
EndProject
Project("{9A19103F-16F7-4668-BE54-9A1E7A4F7556}") = "Actividad2U1", "Actividad2U1\Actividad2U1.csproj", "{227CAD0F-897F-4E03-B474-7881C2C9BE1B}"
EndProject
Project("{2150E333-8FDC-42A3-9474-1A3956D46DE8}") = "UNIDAD 2", "UNIDAD 2", "{1887CD3E-D3E8-468D-8B49-5A305DBB8D5C}"
EndProject
Project("{9A19103F-16F7-4668-BE54-9A1E7A4F7556}") = "EstadosMexico", "EstadosMexico\EstadosMexico.csproj", "{6FF1BDD8-DA7E-4AE7-A3AB-B282BB2FA54F}"
EndProject
Project("{9A19103F-16F7-4668-BE54-9A1E7A4F7556}") = "Act2PresidentesMexico", "Act2PresidentesMexico\Act2PresidentesMexico.csproj", "{E1A5AE61-6619-4279-A104-E11435F7EF2E}"
EndProject
Project("{9A19103F-16F7-4668-BE54-9A1E7A4F7556}") = "Actividad3MapaCurricular", "Actividad3MapaCurricular\Actividad3MapaCurricular.csproj", "{53FCD1DD-AAD2-4E33-B026-B8FA0A467451}"
EndProject
Project("{9A19103F-16F7-4668-BE54-9A1E7A4F7556}") = "Act4DisneyPixar", "Act4DisneyPixar\Act4DisneyPixar.csproj", "{69062C89-B307-4663-A766-8977C926E42E}"
EndProject
Project("{9A19103F-16F7-4668-BE54-9A1E7A4F7556}") = "Act5SweetBakary", "Act5SweetBakary\Act5SweetBakary.csproj", "{82059805-BFB5-43B9-96DE-0321257C2F27}"
EndProject
Project("{2150E333-8FDC-42A3-9474-1A3956D46DE8}") = "UNIDAD 3", "UNIDAD 3", "{306D3CBF-3E74-4FC3-8593-44AA7A11292C}"
EndProject
Project("{2150E333-8FDC-42A3-9474-1A3956D46DE8}") = "TAREA UNIDAD 2", "TAREA UNIDAD 2", "{3785C48E-FACB-4424-9CC0-BAE614100A29}"
EndProject
Project("{FAE04EC0-301F-11D3-BF4B-00C04F79EFBC}") = "ProyectoVillancicos", "ProyectoVillancicos\ProyectoVillancicos.csproj", "{5843901F-B37D-420B-B455-BC7D67459C3D}"
EndProject
Global
	GlobalSection(SolutionConfigurationPlatforms) = preSolution
		Debug|Any CPU = Debug|Any CPU
		Release|Any CPU = Release|Any CPU
	EndGlobalSection
	GlobalSection(ProjectConfigurationPlatforms) = postSolution
		{6914B057-34A1-4560-B1CC-930B4BA24583}.Debug|Any CPU.ActiveCfg = Debug|Any CPU
		{6914B057-34A1-4560-B1CC-930B4BA24583}.Debug|Any CPU.Build.0 = Debug|Any CPU
		{6914B057-34A1-4560-B1CC-930B4BA24583}.Release|Any CPU.ActiveCfg = Release|Any CPU
		{6914B057-34A1-4560-B1CC-930B4BA24583}.Release|Any CPU.Build.0 = Release|Any CPU
		{227CAD0F-897F-4E03-B474-7881C2C9BE1B}.Debug|Any CPU.ActiveCfg = Debug|Any CPU
		{227CAD0F-897F-4E03-B474-7881C2C9BE1B}.Debug|Any CPU.Build.0 = Debug|Any CPU
		{227CAD0F-897F-4E03-B474-7881C2C9BE1B}.Release|Any CPU.ActiveCfg = Release|Any CPU
		{227CAD0F-897F-4E03-B474-7881C2C9BE1B}.Release|Any CPU.Build.0 = Release|Any CPU
		{6FF1BDD8-DA7E-4AE7-A3AB-B282BB2FA54F}.Debug|Any CPU.ActiveCfg = Debug|Any CPU
		{6FF1BDD8-DA7E-4AE7-A3AB-B282BB2FA54F}.Debug|Any CPU.Build.0 = Debug|Any CPU
		{6FF1BDD8-DA7E-4AE7-A3AB-B282BB2FA54F}.Release|Any CPU.ActiveCfg = Release|Any CPU
		{6FF1BDD8-DA7E-4AE7-A3AB-B282BB2FA54F}.Release|Any CPU.Build.0 = Release|Any CPU
		{E1A5AE61-6619-4279-A104-E11435F7EF2E}.Debug|Any CPU.ActiveCfg = Debug|Any CPU
		{E1A5AE61-6619-4279-A104-E11435F7EF2E}.Debug|Any CPU.Build.0 = Debug|Any CPU
		{E1A5AE61-6619-4279-A104-E11435F7EF2E}.Release|Any CPU.ActiveCfg = Release|Any CPU
		{E1A5AE61-6619-4279-A104-E11435F7EF2E}.Release|Any CPU.Build.0 = Release|Any CPU
		{53FCD1DD-AAD2-4E33-B026-B8FA0A467451}.Debug|Any CPU.ActiveCfg = Debug|Any CPU
		{53FCD1DD-AAD2-4E33-B026-B8FA0A467451}.Debug|Any CPU.Build.0 = Debug|Any CPU
		{53FCD1DD-AAD2-4E33-B026-B8FA0A467451}.Release|Any CPU.ActiveCfg = Release|Any CPU
		{53FCD1DD-AAD2-4E33-B026-B8FA0A467451}.Release|Any CPU.Build.0 = Release|Any CPU
		{69062C89-B307-4663-A766-8977C926E42E}.Debug|Any CPU.ActiveCfg = Debug|Any CPU
		{69062C89-B307-4663-A766-8977C926E42E}.Debug|Any CPU.Build.0 = Debug|Any CPU
		{69062C89-B307-4663-A766-8977C926E42E}.Release|Any CPU.ActiveCfg = Release|Any CPU
		{69062C89-B307-4663-A766-8977C926E42E}.Release|Any CPU.Build.0 = Release|Any CPU
		{82059805-BFB5-43B9-96DE-0321257C2F27}.Debug|Any CPU.ActiveCfg = Debug|Any CPU
		{82059805-BFB5-43B9-96DE-0321257C2F27}.Debug|Any CPU.Build.0 = Debug|Any CPU
		{82059805-BFB5-43B9-96DE-0321257C2F27}.Release|Any CPU.ActiveCfg = Release|Any CPU
		{82059805-BFB5-43B9-96DE-0321257C2F27}.Release|Any CPU.Build.0 = Release|Any CPU
		{5843901F-B37D-420B-B455-BC7D67459C3D}.Debug|Any CPU.ActiveCfg = Debug|Any CPU
		{5843901F-B37D-420B-B455-BC7D67459C3D}.Debug|Any CPU.Build.0 = Debug|Any CPU
		{5843901F-B37D-420B-B455-BC7D67459C3D}.Release|Any CPU.ActiveCfg = Release|Any CPU
		{5843901F-B37D-420B-B455-BC7D67459C3D}.Release|Any CPU.Build.0 = Release|Any CPU
	EndGlobalSection
	GlobalSection(SolutionProperties) = preSolution
		HideSolutionNode = FALSE
	EndGlobalSection
	GlobalSection(NestedProjects) = preSolution
		{6FF1BDD8-DA7E-4AE7-A3AB-B282BB2FA54F} = {1887CD3E-D3E8-468D-8B49-5A305DBB8D5C}
		{E1A5AE61-6619-4279-A104-E11435F7EF2E} = {1887CD3E-D3E8-468D-8B49-5A305DBB8D5C}
		{53FCD1DD-AAD2-4E33-B026-B8FA0A467451} = {1887CD3E-D3E8-468D-8B49-5A305DBB8D5C}
		{69062C89-B307-4663-A766-8977C926E42E} = {1887CD3E-D3E8-468D-8B49-5A305DBB8D5C}
		{82059805-BFB5-43B9-96DE-0321257C2F27} = {1887CD3E-D3E8-468D-8B49-5A305DBB8D5C}
		{5843901F-B37D-420B-B455-BC7D67459C3D} = {3785C48E-FACB-4424-9CC0-BAE614100A29}
	EndGlobalSection
	GlobalSection(ExtensibilityGlobals) = postSolution
		SolutionGuid = {34E63A9F-B679-4145-92C4-CC3CA431456D}
	EndGlobalSection
EndGlobal
