
Microsoft Visual Studio Solution File, Format Version 12.00
# Visual Studio Version 16
VisualStudioVersion = 16.0.31624.102
MinimumVisualStudioVersion = 10.0.40219.1
Project("{FAE04EC0-301F-11D3-BF4B-00C04F79EFBC}") = "ProgramacionWeb21", "ProgramacionWeb21.csproj", "{7471AEFC-E197-43FA-8640-0B900F9E9C2A}"
EndProject
Project("{FAE04EC0-301F-11D3-BF4B-00C04F79EFBC}") = "Actividad2U1", "..\Actividad2U1\Actividad2U1.csproj", "{C4DB0F23-F7E8-4958-BB90-8C4E5EB94BDA}"
EndProject
Global
	GlobalSection(SolutionConfigurationPlatforms) = preSolution
		Debug|Any CPU = Debug|Any CPU
		Release|Any CPU = Release|Any CPU
	EndGlobalSection
	GlobalSection(ProjectConfigurationPlatforms) = postSolution
		{7471AEFC-E197-43FA-8640-0B900F9E9C2A}.Debug|Any CPU.ActiveCfg = Debug|Any CPU
		{7471AEFC-E197-43FA-8640-0B900F9E9C2A}.Debug|Any CPU.Build.0 = Debug|Any CPU
		{7471AEFC-E197-43FA-8640-0B900F9E9C2A}.Release|Any CPU.ActiveCfg = Release|Any CPU
		{7471AEFC-E197-43FA-8640-0B900F9E9C2A}.Release|Any CPU.Build.0 = Release|Any CPU
		{C4DB0F23-F7E8-4958-BB90-8C4E5EB94BDA}.Debug|Any CPU.ActiveCfg = Debug|Any CPU
		{C4DB0F23-F7E8-4958-BB90-8C4E5EB94BDA}.Debug|Any CPU.Build.0 = Debug|Any CPU
		{C4DB0F23-F7E8-4958-BB90-8C4E5EB94BDA}.Release|Any CPU.ActiveCfg = Release|Any CPU
		{C4DB0F23-F7E8-4958-BB90-8C4E5EB94BDA}.Release|Any CPU.Build.0 = Release|Any CPU
	EndGlobalSection
	GlobalSection(SolutionProperties) = preSolution
		HideSolutionNode = FALSE
	EndGlobalSection
	GlobalSection(ExtensibilityGlobals) = postSolution
		SolutionGuid = {34E63A9F-B679-4145-92C4-CC3CA431456D}
	EndGlobalSection
EndGlobal
